// !$*UTF8*$!
{
	archiveVersion = 1;
	classes = {
	};
	objectVersion = 51;
	objects = {

/* Begin PBXBuildFile section */
		32049195236AE30C00C53E33 /* MainTabBarViewController.m in Sources */ = {isa = PBXBuildFile; fileRef = 32049194236AE30C00C53E33 /* MainTabBarViewController.m */; };
		84497663258B513A0012DD7E /* AccountFeatureModule.m in Sources */ = {isa = PBXBuildFile; fileRef = 84497662258B513A0012DD7E /* AccountFeatureModule.m */; };
		84497667258B53C40012DD7E /* AccountInfo.m in Sources */ = {isa = PBXBuildFile; fileRef = 84497666258B53C40012DD7E /* AccountInfo.m */; };
		8449766C258B63D10012DD7E /* XMListModuleEventHandler.m in Sources */ = {isa = PBXBuildFile; fileRef = 8449766B258B63D10012DD7E /* XMListModuleEventHandler.m */; };
		84497671258B67BA0012DD7E /* XMPayModuleEventHandler.m in Sources */ = {isa = PBXBuildFile; fileRef = 84497670258B67BA0012DD7E /* XMPayModuleEventHandler.m */; };
		8456AC7E2367388C0009AEF7 /* AppCoordinator.m in Sources */ = {isa = PBXBuildFile; fileRef = 8456AC7D2367388C0009AEF7 /* AppCoordinator.m */; };
		8456AC8123673B700009AEF7 /* PayViewController.storyboard in Resources */ = {isa = PBXBuildFile; fileRef = 8456AC8023673B700009AEF7 /* PayViewController.storyboard */; };
		8456AC88236B30490009AEF7 /* AccountViewController.m in Sources */ = {isa = PBXBuildFile; fileRef = 8456AC86236B30490009AEF7 /* AccountViewController.m */; };
		8456AC89236B30490009AEF7 /* AccountViewController.xib in Resources */ = {isa = PBXBuildFile; fileRef = 8456AC87236B30490009AEF7 /* AccountViewController.xib */; };
		8456AC8C236B42590009AEF7 /* AccountVM.m in Sources */ = {isa = PBXBuildFile; fileRef = 8456AC8B236B42590009AEF7 /* AccountVM.m */; };
		847D4ECA243C88A7006EB3A3 /* AccountCoordinator.m in Sources */ = {isa = PBXBuildFile; fileRef = 847D4EC9243C88A7006EB3A3 /* AccountCoordinator.m */; };
		847D4ECD243C8EB1006EB3A3 /* PayCoordinator.m in Sources */ = {isa = PBXBuildFile; fileRef = 847D4ECC243C8EB1006EB3A3 /* PayCoordinator.m */; };
		847D4ED224404607006EB3A3 /* PayViewModel.m in Sources */ = {isa = PBXBuildFile; fileRef = 847D4ED124404607006EB3A3 /* PayViewModel.m */; };
		849D5E83257CAA8E00044407 /* PayFeatureModule.m in Sources */ = {isa = PBXBuildFile; fileRef = 849D5E82257CAA8E00044407 /* PayFeatureModule.m */; };
		849D5E86257D355900044407 /* featureModules.json in Resources */ = {isa = PBXBuildFile; fileRef = 849D5E85257D355900044407 /* featureModules.json */; };
		84C1F094258FAB0700A4052A /* XMLoginModuleEventHandler.m in Sources */ = {isa = PBXBuildFile; fileRef = 84C1F093258FAB0700A4052A /* XMLoginModuleEventHandler.m */; };
		84C6B13C257E3C830094F399 /* PayFeatureModuleEvents.m in Sources */ = {isa = PBXBuildFile; fileRef = 84C6B13B257E3C830094F399 /* PayFeatureModuleEvents.m */; };
		84D21F1B232D13B800859622 /* AppDelegate.m in Sources */ = {isa = PBXBuildFile; fileRef = 84D21F1A232D13B800859622 /* AppDelegate.m */; };
		84D21F1E232D13B800859622 /* ViewController.m in Sources */ = {isa = PBXBuildFile; fileRef = 84D21F1D232D13B800859622 /* ViewController.m */; };
		84D21F23232D13BB00859622 /* Assets.xcassets in Resources */ = {isa = PBXBuildFile; fileRef = 84D21F22232D13BB00859622 /* Assets.xcassets */; };
		84D21F26232D13BB00859622 /* LaunchScreen.storyboard in Resources */ = {isa = PBXBuildFile; fileRef = 84D21F24232D13BB00859622 /* LaunchScreen.storyboard */; };
		84D21F29232D13BB00859622 /* main.m in Sources */ = {isa = PBXBuildFile; fileRef = 84D21F28232D13BB00859622 /* main.m */; };
		84D7967C23326B2400F5538E /* MainDependencyManager.m in Sources */ = {isa = PBXBuildFile; fileRef = 84D7967B23326B2400F5538E /* MainDependencyManager.m */; };
		84D7967F23326CEB00F5538E /* BPHttpClient.m in Sources */ = {isa = PBXBuildFile; fileRef = 84D7967D23326CEB00F5538E /* BPHttpClient.m */; };
		84D796822332717200F5538E /* PayViewController.m in Sources */ = {isa = PBXBuildFile; fileRef = 84D796812332717200F5538E /* PayViewController.m */; };
		85B3D43020FA0F8F8B572108 /* Pods_MainProject_MultiPod.framework in Frameworks */ = {isa = PBXBuildFile; fileRef = FC1E3278538F1E3686EDEFAC /* Pods_MainProject_MultiPod.framework */; };
/* End PBXBuildFile section */

/* Begin PBXFileReference section */
		32049193236AE30C00C53E33 /* MainTabBarViewController.h */ = {isa = PBXFileReference; lastKnownFileType = sourcecode.c.h; path = MainTabBarViewController.h; sourceTree = "<group>"; };
		32049194236AE30C00C53E33 /* MainTabBarViewController.m */ = {isa = PBXFileReference; lastKnownFileType = sourcecode.c.objc; path = MainTabBarViewController.m; sourceTree = "<group>"; };
		79F584E5217FECCEB2034230 /* Pods-MainProject-MultiPod.release.xcconfig */ = {isa = PBXFileReference; includeInIndex = 1; lastKnownFileType = text.xcconfig; name = "Pods-MainProject-MultiPod.release.xcconfig"; path = "Target Support Files/Pods-MainProject-MultiPod/Pods-MainProject-MultiPod.release.xcconfig"; sourceTree = "<group>"; };
		84497661258B513A0012DD7E /* AccountFeatureModule.h */ = {isa = PBXFileReference; lastKnownFileType = sourcecode.c.h; path = AccountFeatureModule.h; sourceTree = "<group>"; };
		84497662258B513A0012DD7E /* AccountFeatureModule.m */ = {isa = PBXFileReference; lastKnownFileType = sourcecode.c.objc; path = AccountFeatureModule.m; sourceTree = "<group>"; };
		84497665258B53C40012DD7E /* AccountInfo.h */ = {isa = PBXFileReference; lastKnownFileType = sourcecode.c.h; path = AccountInfo.h; sourceTree = "<group>"; };
		84497666258B53C40012DD7E /* AccountInfo.m */ = {isa = PBXFileReference; lastKnownFileType = sourcecode.c.objc; path = AccountInfo.m; sourceTree = "<group>"; };
		8449766A258B63D10012DD7E /* XMListModuleEventHandler.h */ = {isa = PBXFileReference; lastKnownFileType = sourcecode.c.h; path = XMListModuleEventHandler.h; sourceTree = "<group>"; };
		8449766B258B63D10012DD7E /* XMListModuleEventHandler.m */ = {isa = PBXFileReference; lastKnownFileType = sourcecode.c.objc; path = XMListModuleEventHandler.m; sourceTree = "<group>"; };
		8449766F258B67BA0012DD7E /* XMPayModuleEventHandler.h */ = {isa = PBXFileReference; lastKnownFileType = sourcecode.c.h; path = XMPayModuleEventHandler.h; sourceTree = "<group>"; };
		84497670258B67BA0012DD7E /* XMPayModuleEventHandler.m */ = {isa = PBXFileReference; lastKnownFileType = sourcecode.c.objc; path = XMPayModuleEventHandler.m; sourceTree = "<group>"; };
		8456AC7C2367388C0009AEF7 /* AppCoordinator.h */ = {isa = PBXFileReference; lastKnownFileType = sourcecode.c.h; path = AppCoordinator.h; sourceTree = "<group>"; };
		8456AC7D2367388C0009AEF7 /* AppCoordinator.m */ = {isa = PBXFileReference; lastKnownFileType = sourcecode.c.objc; path = AppCoordinator.m; sourceTree = "<group>"; };
		8456AC8023673B700009AEF7 /* PayViewController.storyboard */ = {isa = PBXFileReference; lastKnownFileType = file.storyboard; path = PayViewController.storyboard; sourceTree = "<group>"; };
		8456AC85236B30490009AEF7 /* AccountViewController.h */ = {isa = PBXFileReference; lastKnownFileType = sourcecode.c.h; path = AccountViewController.h; sourceTree = "<group>"; };
		8456AC86236B30490009AEF7 /* AccountViewController.m */ = {isa = PBXFileReference; lastKnownFileType = sourcecode.c.objc; path = AccountViewController.m; sourceTree = "<group>"; };
		8456AC87236B30490009AEF7 /* AccountViewController.xib */ = {isa = PBXFileReference; lastKnownFileType = file.xib; path = AccountViewController.xib; sourceTree = "<group>"; };
		8456AC8A236B42590009AEF7 /* AccountVM.h */ = {isa = PBXFileReference; lastKnownFileType = sourcecode.c.h; path = AccountVM.h; sourceTree = "<group>"; };
		8456AC8B236B42590009AEF7 /* AccountVM.m */ = {isa = PBXFileReference; lastKnownFileType = sourcecode.c.objc; path = AccountVM.m; sourceTree = "<group>"; };
		847D4EC8243C88A7006EB3A3 /* AccountCoordinator.h */ = {isa = PBXFileReference; lastKnownFileType = sourcecode.c.h; path = AccountCoordinator.h; sourceTree = "<group>"; };
		847D4EC9243C88A7006EB3A3 /* AccountCoordinator.m */ = {isa = PBXFileReference; lastKnownFileType = sourcecode.c.objc; path = AccountCoordinator.m; sourceTree = "<group>"; };
		847D4ECB243C8EB1006EB3A3 /* PayCoordinator.h */ = {isa = PBXFileReference; lastKnownFileType = sourcecode.c.h; path = PayCoordinator.h; sourceTree = "<group>"; };
		847D4ECC243C8EB1006EB3A3 /* PayCoordinator.m */ = {isa = PBXFileReference; lastKnownFileType = sourcecode.c.objc; path = PayCoordinator.m; sourceTree = "<group>"; };
		847D4ED024404607006EB3A3 /* PayViewModel.h */ = {isa = PBXFileReference; lastKnownFileType = sourcecode.c.h; path = PayViewModel.h; sourceTree = "<group>"; };
		847D4ED124404607006EB3A3 /* PayViewModel.m */ = {isa = PBXFileReference; lastKnownFileType = sourcecode.c.objc; path = PayViewModel.m; sourceTree = "<group>"; };
		849D5E81257CAA8E00044407 /* PayFeatureModule.h */ = {isa = PBXFileReference; lastKnownFileType = sourcecode.c.h; path = PayFeatureModule.h; sourceTree = "<group>"; };
		849D5E82257CAA8E00044407 /* PayFeatureModule.m */ = {isa = PBXFileReference; lastKnownFileType = sourcecode.c.objc; path = PayFeatureModule.m; sourceTree = "<group>"; };
		849D5E85257D355900044407 /* featureModules.json */ = {isa = PBXFileReference; lastKnownFileType = text.json; path = featureModules.json; sourceTree = "<group>"; };
		84C1F092258FAB0700A4052A /* XMLoginModuleEventHandler.h */ = {isa = PBXFileReference; lastKnownFileType = sourcecode.c.h; path = XMLoginModuleEventHandler.h; sourceTree = "<group>"; };
		84C1F093258FAB0700A4052A /* XMLoginModuleEventHandler.m */ = {isa = PBXFileReference; lastKnownFileType = sourcecode.c.objc; path = XMLoginModuleEventHandler.m; sourceTree = "<group>"; };
		84C6B13A257E3C650094F399 /* PayFeatureModuleEvents.h */ = {isa = PBXFileReference; lastKnownFileType = sourcecode.c.h; path = PayFeatureModuleEvents.h; sourceTree = "<group>"; };
		84C6B13B257E3C830094F399 /* PayFeatureModuleEvents.m */ = {isa = PBXFileReference; lastKnownFileType = sourcecode.c.objc; path = PayFeatureModuleEvents.m; sourceTree = "<group>"; };
		84D21F16232D13B800859622 /* MainProject-MultiPod.app */ = {isa = PBXFileReference; explicitFileType = wrapper.application; includeInIndex = 0; path = "MainProject-MultiPod.app"; sourceTree = BUILT_PRODUCTS_DIR; };
		84D21F19232D13B800859622 /* AppDelegate.h */ = {isa = PBXFileReference; lastKnownFileType = sourcecode.c.h; path = AppDelegate.h; sourceTree = "<group>"; };
		84D21F1A232D13B800859622 /* AppDelegate.m */ = {isa = PBXFileReference; lastKnownFileType = sourcecode.c.objc; path = AppDelegate.m; sourceTree = "<group>"; };
		84D21F1C232D13B800859622 /* ViewController.h */ = {isa = PBXFileReference; lastKnownFileType = sourcecode.c.h; path = ViewController.h; sourceTree = "<group>"; };
		84D21F1D232D13B800859622 /* ViewController.m */ = {isa = PBXFileReference; lastKnownFileType = sourcecode.c.objc; path = ViewController.m; sourceTree = "<group>"; };
		84D21F22232D13BB00859622 /* Assets.xcassets */ = {isa = PBXFileReference; lastKnownFileType = folder.assetcatalog; path = Assets.xcassets; sourceTree = "<group>"; };
		84D21F25232D13BB00859622 /* Base */ = {isa = PBXFileReference; lastKnownFileType = file.storyboard; name = Base; path = Base.lproj/LaunchScreen.storyboard; sourceTree = "<group>"; };
		84D21F27232D13BB00859622 /* Info.plist */ = {isa = PBXFileReference; lastKnownFileType = text.plist.xml; path = Info.plist; sourceTree = "<group>"; };
		84D21F28232D13BB00859622 /* main.m */ = {isa = PBXFileReference; lastKnownFileType = sourcecode.c.objc; path = main.m; sourceTree = "<group>"; };
		84D7967A23326B2400F5538E /* MainDependencyManager.h */ = {isa = PBXFileReference; lastKnownFileType = sourcecode.c.h; path = MainDependencyManager.h; sourceTree = "<group>"; };
		84D7967B23326B2400F5538E /* MainDependencyManager.m */ = {isa = PBXFileReference; lastKnownFileType = sourcecode.c.objc; path = MainDependencyManager.m; sourceTree = "<group>"; };
		84D7967D23326CEB00F5538E /* BPHttpClient.m */ = {isa = PBXFileReference; fileEncoding = 4; lastKnownFileType = sourcecode.c.objc; path = BPHttpClient.m; sourceTree = "<group>"; };
		84D7967E23326CEB00F5538E /* BPHttpClient.h */ = {isa = PBXFileReference; fileEncoding = 4; lastKnownFileType = sourcecode.c.h; path = BPHttpClient.h; sourceTree = "<group>"; };
		84D796802332717200F5538E /* PayViewController.h */ = {isa = PBXFileReference; lastKnownFileType = sourcecode.c.h; path = PayViewController.h; sourceTree = "<group>"; };
		84D796812332717200F5538E /* PayViewController.m */ = {isa = PBXFileReference; lastKnownFileType = sourcecode.c.objc; path = PayViewController.m; sourceTree = "<group>"; };
		C9C824F7FAD5D51FA89ED6F8 /* Pods-MainProject-MultiPod.debug.xcconfig */ = {isa = PBXFileReference; includeInIndex = 1; lastKnownFileType = text.xcconfig; name = "Pods-MainProject-MultiPod.debug.xcconfig"; path = "Target Support Files/Pods-MainProject-MultiPod/Pods-MainProject-MultiPod.debug.xcconfig"; sourceTree = "<group>"; };
		FC1E3278538F1E3686EDEFAC /* Pods_MainProject_MultiPod.framework */ = {isa = PBXFileReference; explicitFileType = wrapper.framework; includeInIndex = 0; path = Pods_MainProject_MultiPod.framework; sourceTree = BUILT_PRODUCTS_DIR; };
/* End PBXFileReference section */

/* Begin PBXFrameworksBuildPhase section */
		84D21F13232D13B800859622 /* Frameworks */ = {
			isa = PBXFrameworksBuildPhase;
			buildActionMask = 2147483647;
			files = (
				85B3D43020FA0F8F8B572108 /* Pods_MainProject_MultiPod.framework in Frameworks */,
			);
			runOnlyForDeploymentPostprocessing = 0;
		};
/* End PBXFrameworksBuildPhase section */

/* Begin PBXGroup section */
		23EB13E0FDCAB42F5C3F30D7 /* Pods */ = {
			isa = PBXGroup;
			children = (
				C9C824F7FAD5D51FA89ED6F8 /* Pods-MainProject-MultiPod.debug.xcconfig */,
				79F584E5217FECCEB2034230 /* Pods-MainProject-MultiPod.release.xcconfig */,
			);
			path = Pods;
			sourceTree = "<group>";
		};
		5F6D1EA9A4C322F06EC52F68 /* Frameworks */ = {
			isa = PBXGroup;
			children = (
				FC1E3278538F1E3686EDEFAC /* Pods_MainProject_MultiPod.framework */,
			);
			name = Frameworks;
			sourceTree = "<group>";
		};
		84497669258B63950012DD7E /* EventHandler */ = {
			isa = PBXGroup;
			children = (
				8449766A258B63D10012DD7E /* XMListModuleEventHandler.h */,
				8449766B258B63D10012DD7E /* XMListModuleEventHandler.m */,
				8449766F258B67BA0012DD7E /* XMPayModuleEventHandler.h */,
				84497670258B67BA0012DD7E /* XMPayModuleEventHandler.m */,
				84C1F092258FAB0700A4052A /* XMLoginModuleEventHandler.h */,
				84C1F093258FAB0700A4052A /* XMLoginModuleEventHandler.m */,
			);
			name = EventHandler;
			sourceTree = "<group>";
		};
		847D4EAD243B36CE006EB3A3 /* OldAccout */ = {
			isa = PBXGroup;
			children = (
				8456AC8A236B42590009AEF7 /* AccountVM.h */,
				8456AC8B236B42590009AEF7 /* AccountVM.m */,
				8456AC85236B30490009AEF7 /* AccountViewController.h */,
				8456AC86236B30490009AEF7 /* AccountViewController.m */,
				8456AC87236B30490009AEF7 /* AccountViewController.xib */,
				847D4EC8243C88A7006EB3A3 /* AccountCoordinator.h */,
				847D4EC9243C88A7006EB3A3 /* AccountCoordinator.m */,
				84497661258B513A0012DD7E /* AccountFeatureModule.h */,
				84497662258B513A0012DD7E /* AccountFeatureModule.m */,
				84497665258B53C40012DD7E /* AccountInfo.h */,
				84497666258B53C40012DD7E /* AccountInfo.m */,
			);
			name = OldAccout;
			sourceTree = "<group>";
		};
		847D4EAE243B36F3006EB3A3 /* Pay */ = {
			isa = PBXGroup;
			children = (
				84D796802332717200F5538E /* PayViewController.h */,
				84D796812332717200F5538E /* PayViewController.m */,
				8456AC8023673B700009AEF7 /* PayViewController.storyboard */,
				847D4ECB243C8EB1006EB3A3 /* PayCoordinator.h */,
				847D4ECC243C8EB1006EB3A3 /* PayCoordinator.m */,
				847D4ED024404607006EB3A3 /* PayViewModel.h */,
				847D4ED124404607006EB3A3 /* PayViewModel.m */,
				849D5E81257CAA8E00044407 /* PayFeatureModule.h */,
				849D5E82257CAA8E00044407 /* PayFeatureModule.m */,
				84C6B13A257E3C650094F399 /* PayFeatureModuleEvents.h */,
				84C6B13B257E3C830094F399 /* PayFeatureModuleEvents.m */,
			);
			name = Pay;
			sourceTree = "<group>";
		};
		84C6B137257E29900094F399 /* NewAccount */ = {
			isa = PBXGroup;
			children = (
			);
			name = NewAccount;
			sourceTree = "<group>";
		};
		84D21F0D232D13B800859622 = {
			isa = PBXGroup;
			children = (
				84D21F18232D13B800859622 /* MainProject-MultiPod */,
				84D21F17232D13B800859622 /* Products */,
				23EB13E0FDCAB42F5C3F30D7 /* Pods */,
				5F6D1EA9A4C322F06EC52F68 /* Frameworks */,
			);
			sourceTree = "<group>";
		};
		84D21F17232D13B800859622 /* Products */ = {
			isa = PBXGroup;
			children = (
				84D21F16232D13B800859622 /* MainProject-MultiPod.app */,
			);
			name = Products;
			sourceTree = "<group>";
		};
		84D21F18232D13B800859622 /* MainProject-MultiPod */ = {
			isa = PBXGroup;
			children = (
				84497669258B63950012DD7E /* EventHandler */,
				84C6B137257E29900094F399 /* NewAccount */,
				847D4EAE243B36F3006EB3A3 /* Pay */,
				847D4EAD243B36CE006EB3A3 /* OldAccout */,
				84D21F19232D13B800859622 /* AppDelegate.h */,
				84D21F1A232D13B800859622 /* AppDelegate.m */,
				84D7967A23326B2400F5538E /* MainDependencyManager.h */,
				84D7967B23326B2400F5538E /* MainDependencyManager.m */,
				84D21F1C232D13B800859622 /* ViewController.h */,
				84D21F1D232D13B800859622 /* ViewController.m */,
				84D7967E23326CEB00F5538E /* BPHttpClient.h */,
				84D7967D23326CEB00F5538E /* BPHttpClient.m */,
				84D21F22232D13BB00859622 /* Assets.xcassets */,
				84D21F24232D13BB00859622 /* LaunchScreen.storyboard */,
				84D21F27232D13BB00859622 /* Info.plist */,
				84D21F28232D13BB00859622 /* main.m */,
				8456AC7C2367388C0009AEF7 /* AppCoordinator.h */,
				8456AC7D2367388C0009AEF7 /* AppCoordinator.m */,
				32049193236AE30C00C53E33 /* MainTabBarViewController.h */,
				32049194236AE30C00C53E33 /* MainTabBarViewController.m */,
				849D5E85257D355900044407 /* featureModules.json */,
			);
			path = "MainProject-MultiPod";
			sourceTree = "<group>";
		};
/* End PBXGroup section */

/* Begin PBXNativeTarget section */
		84D21F15232D13B800859622 /* MainProject-MultiPod */ = {
			isa = PBXNativeTarget;
			buildConfigurationList = 84D21F2C232D13BB00859622 /* Build configuration list for PBXNativeTarget "MainProject-MultiPod" */;
			buildPhases = (
				80150964EBF3296C1066A75D /* [CP] Check Pods Manifest.lock */,
				84D21F12232D13B800859622 /* Sources */,
				84D21F13232D13B800859622 /* Frameworks */,
				84D21F14232D13B800859622 /* Resources */,
				385F83C768EE9F7AD7B1EDB6 /* [CP] Embed Pods Frameworks */,
			);
			buildRules = (
			);
			dependencies = (
			);
			name = "MainProject-MultiPod";
			productName = "MainProject-MultiPod";
			productReference = 84D21F16232D13B800859622 /* MainProject-MultiPod.app */;
			productType = "com.apple.product-type.application";
		};
/* End PBXNativeTarget section */

/* Begin PBXProject section */
		84D21F0E232D13B800859622 /* Project object */ = {
			isa = PBXProject;
			attributes = {
				LastUpgradeCheck = 1220;
				ORGANIZATIONNAME = Bruce;
				TargetAttributes = {
					84D21F15232D13B800859622 = {
						CreatedOnToolsVersion = 10.3;
					};
				};
			};
			buildConfigurationList = 84D21F11232D13B800859622 /* Build configuration list for PBXProject "MainProject-MultiPod" */;
			compatibilityVersion = "Xcode 9.3";
			developmentRegion = en;
			hasScannedForEncodings = 0;
			knownRegions = (
				en,
				Base,
			);
			mainGroup = 84D21F0D232D13B800859622;
			productRefGroup = 84D21F17232D13B800859622 /* Products */;
			projectDirPath = "";
			projectRoot = "";
			targets = (
				84D21F15232D13B800859622 /* MainProject-MultiPod */,
			);
		};
/* End PBXProject section */

/* Begin PBXResourcesBuildPhase section */
		84D21F14232D13B800859622 /* Resources */ = {
			isa = PBXResourcesBuildPhase;
			buildActionMask = 2147483647;
			files = (
				8456AC8123673B700009AEF7 /* PayViewController.storyboard in Resources */,
				84D21F26232D13BB00859622 /* LaunchScreen.storyboard in Resources */,
				8456AC89236B30490009AEF7 /* AccountViewController.xib in Resources */,
				849D5E86257D355900044407 /* featureModules.json in Resources */,
				84D21F23232D13BB00859622 /* Assets.xcassets in Resources */,
			);
			runOnlyForDeploymentPostprocessing = 0;
		};
/* End PBXResourcesBuildPhase section */

/* Begin PBXShellScriptBuildPhase section */
		385F83C768EE9F7AD7B1EDB6 /* [CP] Embed Pods Frameworks */ = {
			isa = PBXShellScriptBuildPhase;
			buildActionMask = 2147483647;
			files = (
			);
			inputFileListPaths = (
				"${PODS_ROOT}/Target Support Files/Pods-MainProject-MultiPod/Pods-MainProject-MultiPod-frameworks-${CONFIGURATION}-input-files.xcfilelist",
			);
			name = "[CP] Embed Pods Frameworks";
			outputFileListPaths = (
				"${PODS_ROOT}/Target Support Files/Pods-MainProject-MultiPod/Pods-MainProject-MultiPod-frameworks-${CONFIGURATION}-output-files.xcfilelist",
			);
			runOnlyForDeploymentPostprocessing = 0;
			shellPath = /bin/sh;
			shellScript = "\"${PODS_ROOT}/Target Support Files/Pods-MainProject-MultiPod/Pods-MainProject-MultiPod-frameworks.sh\"\n";
			showEnvVarsInLog = 0;
		};
		80150964EBF3296C1066A75D /* [CP] Check Pods Manifest.lock */ = {
			isa = PBXShellScriptBuildPhase;
			buildActionMask = 2147483647;
			files = (
			);
			inputFileListPaths = (
			);
			inputPaths = (
				"${PODS_PODFILE_DIR_PATH}/Podfile.lock",
				"${PODS_ROOT}/Manifest.lock",
			);
			name = "[CP] Check Pods Manifest.lock";
			outputFileListPaths = (
			);
			outputPaths = (
				"$(DERIVED_FILE_DIR)/Pods-MainProject-MultiPod-checkManifestLockResult.txt",
			);
			runOnlyForDeploymentPostprocessing = 0;
			shellPath = /bin/sh;
			shellScript = "diff \"${PODS_PODFILE_DIR_PATH}/Podfile.lock\" \"${PODS_ROOT}/Manifest.lock\" > /dev/null\nif [ $? != 0 ] ; then\n    # print error to STDERR\n    echo \"error: The sandbox is not in sync with the Podfile.lock. Run 'pod install' or update your CocoaPods installation.\" >&2\n    exit 1\nfi\n# This output is used by Xcode 'outputs' to avoid re-running this script phase.\necho \"SUCCESS\" > \"${SCRIPT_OUTPUT_FILE_0}\"\n";
			showEnvVarsInLog = 0;
		};
/* End PBXShellScriptBuildPhase section */

/* Begin PBXSourcesBuildPhase section */
		84D21F12232D13B800859622 /* Sources */ = {
			isa = PBXSourcesBuildPhase;
			buildActionMask = 2147483647;
			files = (
				84497663258B513A0012DD7E /* AccountFeatureModule.m in Sources */,
				8456AC7E2367388C0009AEF7 /* AppCoordinator.m in Sources */,
				847D4ECD243C8EB1006EB3A3 /* PayCoordinator.m in Sources */,
				847D4ED224404607006EB3A3 /* PayViewModel.m in Sources */,
				8449766C258B63D10012DD7E /* XMListModuleEventHandler.m in Sources */,
				84D7967C23326B2400F5538E /* MainDependencyManager.m in Sources */,
				84497667258B53C40012DD7E /* AccountInfo.m in Sources */,
				84D796822332717200F5538E /* PayViewController.m in Sources */,
				849D5E83257CAA8E00044407 /* PayFeatureModule.m in Sources */,
				84D21F1E232D13B800859622 /* ViewController.m in Sources */,
				84C1F094258FAB0700A4052A /* XMLoginModuleEventHandler.m in Sources */,
				8456AC8C236B42590009AEF7 /* AccountVM.m in Sources */,
				847D4ECA243C88A7006EB3A3 /* AccountCoordinator.m in Sources */,
				8456AC88236B30490009AEF7 /* AccountViewController.m in Sources */,
				84D7967F23326CEB00F5538E /* BPHttpClient.m in Sources */,
				32049195236AE30C00C53E33 /* MainTabBarViewController.m in Sources */,
				84D21F29232D13BB00859622 /* main.m in Sources */,
				84C6B13C257E3C830094F399 /* PayFeatureModuleEvents.m in Sources */,
				84497671258B67BA0012DD7E /* XMPayModuleEventHandler.m in Sources */,
				84D21F1B232D13B800859622 /* AppDelegate.m in Sources */,
			);
			runOnlyForDeploymentPostprocessing = 0;
		};
/* End PBXSourcesBuildPhase section */

/* Begin PBXVariantGroup section */
		84D21F24232D13BB00859622 /* LaunchScreen.storyboard */ = {
			isa = PBXVariantGroup;
			children = (
				84D21F25232D13BB00859622 /* Base */,
			);
			name = LaunchScreen.storyboard;
			sourceTree = "<group>";
		};
/* End PBXVariantGroup section */

/* Begin XCBuildConfiguration section */
		84D21F2A232D13BB00859622 /* Debug */ = {
			isa = XCBuildConfiguration;
			buildSettings = {
				ALWAYS_SEARCH_USER_PATHS = NO;
				CLANG_ANALYZER_NONNULL = YES;
				CLANG_ANALYZER_NUMBER_OBJECT_CONVERSION = YES_AGGRESSIVE;
				CLANG_CXX_LANGUAGE_STANDARD = "gnu++14";
				CLANG_CXX_LIBRARY = "libc++";
				CLANG_ENABLE_MODULES = YES;
				CLANG_ENABLE_OBJC_ARC = YES;
				CLANG_ENABLE_OBJC_WEAK = YES;
				CLANG_WARN_BLOCK_CAPTURE_AUTORELEASING = YES;
				CLANG_WARN_BOOL_CONVERSION = YES;
				CLANG_WARN_COMMA = YES;
				CLANG_WARN_CONSTANT_CONVERSION = YES;
				CLANG_WARN_DEPRECATED_OBJC_IMPLEMENTATIONS = YES;
				CLANG_WARN_DIRECT_OBJC_ISA_USAGE = YES_ERROR;
				CLANG_WARN_DOCUMENTATION_COMMENTS = YES;
				CLANG_WARN_EMPTY_BODY = YES;
				CLANG_WARN_ENUM_CONVERSION = YES;
				CLANG_WARN_INFINITE_RECURSION = YES;
				CLANG_WARN_INT_CONVERSION = YES;
				CLANG_WARN_NON_LITERAL_NULL_CONVERSION = YES;
				CLANG_WARN_OBJC_IMPLICIT_RETAIN_SELF = YES;
				CLANG_WARN_OBJC_LITERAL_CONVERSION = YES;
				CLANG_WARN_OBJC_ROOT_CLASS = YES_ERROR;
				CLANG_WARN_QUOTED_INCLUDE_IN_FRAMEWORK_HEADER = YES;
				CLANG_WARN_RANGE_LOOP_ANALYSIS = YES;
				CLANG_WARN_STRICT_PROTOTYPES = YES;
				CLANG_WARN_SUSPICIOUS_MOVE = YES;
				CLANG_WARN_UNGUARDED_AVAILABILITY = YES_AGGRESSIVE;
				CLANG_WARN_UNREACHABLE_CODE = YES;
				CLANG_WARN__DUPLICATE_METHOD_MATCH = YES;
				CODE_SIGN_IDENTITY = "iPhone Developer";
				COPY_PHASE_STRIP = NO;
				DEBUG_INFORMATION_FORMAT = dwarf;
				ENABLE_STRICT_OBJC_MSGSEND = YES;
				ENABLE_TESTABILITY = YES;
				GCC_C_LANGUAGE_STANDARD = gnu11;
				GCC_DYNAMIC_NO_PIC = NO;
				GCC_NO_COMMON_BLOCKS = YES;
				GCC_OPTIMIZATION_LEVEL = 0;
				GCC_PREPROCESSOR_DEFINITIONS = (
					"DEBUG=1",
					"$(inherited)",
				);
				GCC_WARN_64_TO_32_BIT_CONVERSION = YES;
				GCC_WARN_ABOUT_RETURN_TYPE = YES_ERROR;
				GCC_WARN_UNDECLARED_SELECTOR = YES;
				GCC_WARN_UNINITIALIZED_AUTOS = YES_AGGRESSIVE;
				GCC_WARN_UNUSED_FUNCTION = YES;
				GCC_WARN_UNUSED_VARIABLE = YES;
				IPHONEOS_DEPLOYMENT_TARGET = 12.4;
				MTL_ENABLE_DEBUG_INFO = INCLUDE_SOURCE;
				MTL_FAST_MATH = YES;
				ONLY_ACTIVE_ARCH = YES;
				SDKROOT = iphoneos;
			};
			name = Debug;
		};
		84D21F2B232D13BB00859622 /* Release */ = {
			isa = XCBuildConfiguration;
			buildSettings = {
				ALWAYS_SEARCH_USER_PATHS = NO;
				CLANG_ANALYZER_NONNULL = YES;
				CLANG_ANALYZER_NUMBER_OBJECT_CONVERSION = YES_AGGRESSIVE;
				CLANG_CXX_LANGUAGE_STANDARD = "gnu++14";
				CLANG_CXX_LIBRARY = "libc++";
				CLANG_ENABLE_MODULES = YES;
				CLANG_ENABLE_OBJC_ARC = YES;
				CLANG_ENABLE_OBJC_WEAK = YES;
				CLANG_WARN_BLOCK_CAPTURE_AUTORELEASING = YES;
				CLANG_WARN_BOOL_CONVERSION = YES;
				CLANG_WARN_COMMA = YES;
				CLANG_WARN_CONSTANT_CONVERSION = YES;
				CLANG_WARN_DEPRECATED_OBJC_IMPLEMENTATIONS = YES;
				CLANG_WARN_DIRECT_OBJC_ISA_USAGE = YES_ERROR;
				CLANG_WARN_DOCUMENTATION_COMMENTS = YES;
				CLANG_WARN_EMPTY_BODY = YES;
				CLANG_WARN_ENUM_CONVERSION = YES;
				CLANG_WARN_INFINITE_RECURSION = YES;
				CLANG_WARN_INT_CONVERSION = YES;
				CLANG_WARN_NON_LITERAL_NULL_CONVERSION = YES;
				CLANG_WARN_OBJC_IMPLICIT_RETAIN_SELF = YES;
				CLANG_WARN_OBJC_LITERAL_CONVERSION = YES;
				CLANG_WARN_OBJC_ROOT_CLASS = YES_ERROR;
				CLANG_WARN_QUOTED_INCLUDE_IN_FRAMEWORK_HEADER = YES;
				CLANG_WARN_RANGE_LOOP_ANALYSIS = YES;
				CLANG_WARN_STRICT_PROTOTYPES = YES;
				CLANG_WARN_SUSPICIOUS_MOVE = YES;
				CLANG_WARN_UNGUARDED_AVAILABILITY = YES_AGGRESSIVE;
				CLANG_WARN_UNREACHABLE_CODE = YES;
				CLANG_WARN__DUPLICATE_METHOD_MATCH = YES;
				CODE_SIGN_IDENTITY = "iPhone Developer";
				COPY_PHASE_STRIP = NO;
				DEBUG_INFORMATION_FORMAT = "dwarf-with-dsym";
				ENABLE_NS_ASSERTIONS = NO;
				ENABLE_STRICT_OBJC_MSGSEND = YES;
				GCC_C_LANGUAGE_STANDARD = gnu11;
				GCC_NO_COMMON_BLOCKS = YES;
				GCC_WARN_64_TO_32_BIT_CONVERSION = YES;
				GCC_WARN_ABOUT_RETURN_TYPE = YES_ERROR;
				GCC_WARN_UNDECLARED_SELECTOR = YES;
				GCC_WARN_UNINITIALIZED_AUTOS = YES_AGGRESSIVE;
				GCC_WARN_UNUSED_FUNCTION = YES;
				GCC_WARN_UNUSED_VARIABLE = YES;
				IPHONEOS_DEPLOYMENT_TARGET = 12.4;
				MTL_ENABLE_DEBUG_INFO = NO;
				MTL_FAST_MATH = YES;
				SDKROOT = iphoneos;
				VALIDATE_PRODUCT = YES;
			};
			name = Release;
		};
		84D21F2D232D13BB00859622 /* Debug */ = {
			isa = XCBuildConfiguration;
			baseConfigurationReference = C9C824F7FAD5D51FA89ED6F8 /* Pods-MainProject-MultiPod.debug.xcconfig */;
			buildSettings = {
				ALWAYS_EMBED_SWIFT_STANDARD_LIBRARIES = YES;
				ASSETCATALOG_COMPILER_APPICON_NAME = AppIcon;
				CODE_SIGN_STYLE = Automatic;
				DEFINES_MODULE = YES;
				DEVELOPMENT_TEAM = NS27ZB8WPD;
				INFOPLIST_FILE = "MainProject-MultiPod/Info.plist";
				IPHONEOS_DEPLOYMENT_TARGET = 10.0;
				LD_RUNPATH_SEARCH_PATHS = (
					"$(inherited)",
					"@executable_path/Frameworks",
				);
				PRODUCT_BUNDLE_IDENTIFIER = "com.Bruce.MainProject-MultiPod";
				PRODUCT_NAME = "$(TARGET_NAME)";
				TARGETED_DEVICE_FAMILY = "1,2";
			};
			name = Debug;
		};
		84D21F2E232D13BB00859622 /* Release */ = {
			isa = XCBuildConfiguration;
			baseConfigurationReference = 79F584E5217FECCEB2034230 /* Pods-MainProject-MultiPod.release.xcconfig */;
			buildSettings = {
				ALWAYS_EMBED_SWIFT_STANDARD_LIBRARIES = YES;
				ASSETCATALOG_COMPILER_APPICON_NAME = AppIcon;
				CODE_SIGN_STYLE = Automatic;
				DEFINES_MODULE = YES;
				DEVELOPMENT_TEAM = NS27ZB8WPD;
				INFOPLIST_FILE = "MainProject-MultiPod/Info.plist";
				IPHONEOS_DEPLOYMENT_TARGET = 10.0;
				LD_RUNPATH_SEARCH_PATHS = (
					"$(inherited)",
					"@executable_path/Frameworks",
				);
				PRODUCT_BUNDLE_IDENTIFIER = "com.Bruce.MainProject-MultiPod";
				PRODUCT_NAME = "$(TARGET_NAME)";
				TARGETED_DEVICE_FAMILY = "1,2";
			};
			name = Release;
		};
/* End XCBuildConfiguration section */

/* Begin XCConfigurationList section */
		84D21F11232D13B800859622 /* Build configuration list for PBXProject "MainProject-MultiPod" */ = {
			isa = XCConfigurationList;
			buildConfigurations = (
				84D21F2A232D13BB00859622 /* Debug */,
				84D21F2B232D13BB00859622 /* Release */,
			);
			defaultConfigurationIsVisible = 0;
			defaultConfigurationName = Release;
		};
		84D21F2C232D13BB00859622 /* Build configuration list for PBXNativeTarget "MainProject-MultiPod" */ = {
			isa = XCConfigurationList;
			buildConfigurations = (
				84D21F2D232D13BB00859622 /* Debug */,
				84D21F2E232D13BB00859622 /* Release */,
			);
			defaultConfigurationIsVisible = 0;
			defaultConfigurationName = Release;
		};
/* End XCConfigurationList section */
	};
	rootObject = 84D21F0E232D13B800859622 /* Project object */;
}
