PODS:
  - LBCoordinator (0.1.0)
  - ListPod (0.1.0):
    - LBCoordinator
  - LoginPod (0.1.0):
    - LBCoordinator

DEPENDENCIES:
  - LBCoordinator (from `/Users/gxy/GitHub/LBCoordinator`)
  - ListPod (from `../ListPod`)
  - LoginPod (from `../LoginPod`)

EXTERNAL SOURCES:
  LBCoordinator:
    :path: "/Users/gxy/GitHub/LBCoordinator"
  ListPod:
    :path: "../ListPod"
  LoginPod:
    :path: "../LoginPod"

SPEC CHECKSUMS:
  LBCoordinator: a023ffc1c2748faa74a8b6620d8fd45f0bd9aa23
  ListPod: b0852530616a57a272a63fa747ec5a1d193c20ee
  LoginPod: ecb60f74c27ad2271d9a7384ce883de07b20dd03

PODFILE CHECKSUM: df735fc5430495698101191a32add17a0c2870f4

COCOAPODS: 1.9.3
