PODS:
  - ListPod (0.1.0):
    - XDCoordinator
  - LoginPod (0.1.0):
    - XDCoordinator
  - XDCoordinator (0.1.0)

DEPENDENCIES:
  - ListPod (from `https://github.com/Bruce-pac/ListPod.git`)
  - LoginPod (from `https://github.com/Bruce-pac/LoginPod.git`)
  - XDCoordinator (from `https://github.com/Bruce-pac/XDCoordinator.git`)

EXTERNAL SOURCES:
  ListPod:
    :git: https://github.com/Bruce-pac/ListPod.git
  LoginPod:
    :git: https://github.com/Bruce-pac/LoginPod.git
  XDCoordinator:
    :git: https://github.com/Bruce-pac/XDCoordinator.git

CHECKOUT OPTIONS:
  ListPod:
    :commit: 647b1bf14d04d8262c47b80aa1bb65df911ba476
    :git: https://github.com/Bruce-pac/ListPod.git
  LoginPod:
    :commit: ceb8cfd8de10a88b5762f10ce97bf80f3a98a37d
    :git: https://github.com/Bruce-pac/LoginPod.git
  XDCoordinator:
    :commit: 7ef96f383d7b3a597d1abfe1c76ad79c52825947
    :git: https://github.com/Bruce-pac/XDCoordinator.git

SPEC CHECKSUMS:
  ListPod: 6d42439260eab4001ec9de7c464257ca884ccee9
  LoginPod: 49eea3a9c7925933407763e1c1dc33c81d9635f2
  XDCoordinator: 0a79a2a6654b993feabc836e3649650cae486298

PODFILE CHECKSUM: 54e78341738691a59e8aa6cfdfeeeebaaea8bf2e

COCOAPODS: 1.8.4
