PODS:
  - ListPod (0.1.0):
    - XDCoordinator
  - LoginPod (0.1.0):
    - XDCoordinator
  - XDCoordinator (0.1.0)

DEPENDENCIES:
  - ListPod (from `https://github.com/Bruce-pac/ListPod.git`)
  - LoginPod (from `https://github.com/Bruce-pac/LoginPod.git`)
  - XDCoordinator (from `https://github.com/Bruce-pac/XDCoordinator.git`)

EXTERNAL SOURCES:
  ListPod:
    :git: https://github.com/Bruce-pac/ListPod.git
  LoginPod:
    :git: https://github.com/Bruce-pac/LoginPod.git
  XDCoordinator:
    :git: https://github.com/Bruce-pac/XDCoordinator.git

CHECKOUT OPTIONS:
  ListPod:
    :commit: cd4c65ddb35ffa19d6725d495e4672743cfcaee9
    :git: https://github.com/Bruce-pac/ListPod.git
  LoginPod:
    :commit: 5c7a83511f56013429f84b9ab89f49d5ba182919
    :git: https://github.com/Bruce-pac/LoginPod.git
  XDCoordinator:
    :commit: 7ef96f383d7b3a597d1abfe1c76ad79c52825947
    :git: https://github.com/Bruce-pac/XDCoordinator.git

SPEC CHECKSUMS:
  ListPod: 6d42439260eab4001ec9de7c464257ca884ccee9
  LoginPod: 60056a0a95dc1148649241a0cea6a392f7caa11f
  XDCoordinator: 0a79a2a6654b993feabc836e3649650cae486298

PODFILE CHECKSUM: 54e78341738691a59e8aa6cfdfeeeebaaea8bf2e

COCOAPODS: 1.8.4
